
Microsoft Visual Studio Solution File, Format Version 12.00
# Visual Studio Version 17
VisualStudioVersion = 17.0.31903.59
MinimumVisualStudioVersion = 10.0.40219.1
Project("{FAE04EC0-301F-11D3-BF4B-00C04F79EFBC}") = "Docsql.Client", "Docsql.Client\Docsql.Client.csproj", "{0B67BF17-43B5-42AD-92B0-45A4EABECE8B}"
EndProject
Project("{FAE04EC0-301F-11D3-BF4B-00C04F79EFBC}") = "Docsql.EntityFrameworkCore", "Docsql.EntityFrameworkCore\Docsql.EntityFrameworkCore.csproj", "{AA630500-C4D3-4E6F-B0EC-A59D8E59D5E9}"
EndProject
Project("{FAE04EC0-301F-11D3-BF4B-00C04F79EFBC}") = "Docsql.Client.Tests", "Docsql.Client.Tests\Docsql.Client.Tests.csproj", "{AF5C70F8-FBBC-4BF7-871F-4FBC892EA327}"
EndProject
Project("{FAE04EC0-301F-11D3-BF4B-00C04F79EFBC}") = "Docsql.EntityFrameworkCore.Tests", "Docsql.EntityFrameworkCore.Tests\Docsql.EntityFrameworkCore.Tests.csproj", "{848C5525-FCD2-4BF6-9C2B-E7CE05FDB7C9}"
EndProject
Project("{FAE04EC0-301F-11D3-BF4B-00C04F79EFBC}") = "Docsql.EfSample", "Docsql.EfSample\Docsql.EfSample.csproj", "{7C66001B-7F89-4671-BD6B-F736EEE147DA}"
EndProject
Project("{FAE04EC0-301F-11D3-BF4B-00C04F79EFBC}") = "Docsql.Sample", "Docsql.Sample\Docsql.Sample.csproj", "{2A0B8E87-E224-48D7-8538-ACB8F9E22ECB}"
EndProject
Project("{FAE04EC0-301F-11D3-BF4B-00C04F79EFBC}") = "Docsql.Aspire.Hosting", "Docsql.Aspire.Hosting\Docsql.Aspire.Hosting.csproj", "{97737B5B-0ED2-41EE-AC4A-EE719CEF1838}"
EndProject
Project("{FAE04EC0-301F-11D3-BF4B-00C04F79EFBC}") = "Docsql.Aspire.Client", "Docsql.Aspire.Client\Docsql.Aspire.Client.csproj", "{7CBD468D-9422-43EB-9F8B-24B7EEA6942A}"
EndProject
Project("{FAE04EC0-301F-11D3-BF4B-00C04F79EFBC}") = "Docsql.Aspire.Hosting.Tests", "Docsql.Aspire.Hosting.Tests\Docsql.Aspire.Hosting.Tests.csproj", "{F55B6837-4984-4F3A-967E-CE1B93A4A07C}"
EndProject
Project("{FAE04EC0-301F-11D3-BF4B-00C04F79EFBC}") = "Docsql.Aspire.Client.Tests", "Docsql.Aspire.Client.Tests\Docsql.Aspire.Client.Tests.csproj", "{523E261E-BF4C-4A35-AA50-5C77A0EF83D1}"
EndProject
Project("{2150E333-8FDC-42A3-9474-1A3956D46DE8}") = "samples", "samples", "{5D20AA90-6969-D8BD-9DCD-8634F4692FDA}"
EndProject
Project("{2150E333-8FDC-42A3-9474-1A3956D46DE8}") = "AspireSample", "AspireSample", "{18CD5C0A-EEDA-A573-5184-BD501D0EE942}"
EndProject
Project("{FAE04EC0-301F-11D3-BF4B-00C04F79EFBC}") = "AspireSample.AppHost", "samples\AspireSample\AspireSample.AppHost\AspireSample.AppHost.csproj", "{94E757F4-A97B-4E2C-8779-6B8BD907D9BF}"
EndProject
Project("{FAE04EC0-301F-11D3-BF4B-00C04F79EFBC}") = "AspireSample.Worker", "samples\AspireSample\AspireSample.Worker\AspireSample.Worker.csproj", "{89B066F8-650C-4071-9709-D0302521581A}"
EndProject
Global
	GlobalSection(SolutionConfigurationPlatforms) = preSolution
		Debug|Any CPU = Debug|Any CPU
		Debug|x64 = Debug|x64
		Debug|x86 = Debug|x86
		Release|Any CPU = Release|Any CPU
		Release|x64 = Release|x64
		Release|x86 = Release|x86
	EndGlobalSection
	GlobalSection(ProjectConfigurationPlatforms) = postSolution
		{0B67BF17-43B5-42AD-92B0-45A4EABECE8B}.Debug|Any CPU.ActiveCfg = Debug|Any CPU
		{0B67BF17-43B5-42AD-92B0-45A4EABECE8B}.Debug|Any CPU.Build.0 = Debug|Any CPU
		{0B67BF17-43B5-42AD-92B0-45A4EABECE8B}.Debug|x64.ActiveCfg = Debug|Any CPU
		{0B67BF17-43B5-42AD-92B0-45A4EABECE8B}.Debug|x64.Build.0 = Debug|Any CPU
		{0B67BF17-43B5-42AD-92B0-45A4EABECE8B}.Debug|x86.ActiveCfg = Debug|Any CPU
		{0B67BF17-43B5-42AD-92B0-45A4EABECE8B}.Debug|x86.Build.0 = Debug|Any CPU
		{0B67BF17-43B5-42AD-92B0-45A4EABECE8B}.Release|Any CPU.ActiveCfg = Release|Any CPU
		{0B67BF17-43B5-42AD-92B0-45A4EABECE8B}.Release|Any CPU.Build.0 = Release|Any CPU
		{0B67BF17-43B5-42AD-92B0-45A4EABECE8B}.Release|x64.ActiveCfg = Release|Any CPU
		{0B67BF17-43B5-42AD-92B0-45A4EABECE8B}.Release|x64.Build.0 = Release|Any CPU
		{0B67BF17-43B5-42AD-92B0-45A4EABECE8B}.Release|x86.ActiveCfg = Release|Any CPU
		{0B67BF17-43B5-42AD-92B0-45A4EABECE8B}.Release|x86.Build.0 = Release|Any CPU
		{AA630500-C4D3-4E6F-B0EC-A59D8E59D5E9}.Debug|Any CPU.ActiveCfg = Debug|Any CPU
		{AA630500-C4D3-4E6F-B0EC-A59D8E59D5E9}.Debug|Any CPU.Build.0 = Debug|Any CPU
		{AA630500-C4D3-4E6F-B0EC-A59D8E59D5E9}.Debug|x64.ActiveCfg = Debug|Any CPU
		{AA630500-C4D3-4E6F-B0EC-A59D8E59D5E9}.Debug|x64.Build.0 = Debug|Any CPU
		{AA630500-C4D3-4E6F-B0EC-A59D8E59D5E9}.Debug|x86.ActiveCfg = Debug|Any CPU
		{AA630500-C4D3-4E6F-B0EC-A59D8E59D5E9}.Debug|x86.Build.0 = Debug|Any CPU
		{AA630500-C4D3-4E6F-B0EC-A59D8E59D5E9}.Release|Any CPU.ActiveCfg = Release|Any CPU
		{AA630500-C4D3-4E6F-B0EC-A59D8E59D5E9}.Release|Any CPU.Build.0 = Release|Any CPU
		{AA630500-C4D3-4E6F-B0EC-A59D8E59D5E9}.Release|x64.ActiveCfg = Release|Any CPU
		{AA630500-C4D3-4E6F-B0EC-A59D8E59D5E9}.Release|x64.Build.0 = Release|Any CPU
		{AA630500-C4D3-4E6F-B0EC-A59D8E59D5E9}.Release|x86.ActiveCfg = Release|Any CPU
		{AA630500-C4D3-4E6F-B0EC-A59D8E59D5E9}.Release|x86.Build.0 = Release|Any CPU
		{AF5C70F8-FBBC-4BF7-871F-4FBC892EA327}.Debug|Any CPU.ActiveCfg = Debug|Any CPU
		{AF5C70F8-FBBC-4BF7-871F-4FBC892EA327}.Debug|Any CPU.Build.0 = Debug|Any CPU
		{AF5C70F8-FBBC-4BF7-871F-4FBC892EA327}.Debug|x64.ActiveCfg = Debug|Any CPU
		{AF5C70F8-FBBC-4BF7-871F-4FBC892EA327}.Debug|x64.Build.0 = Debug|Any CPU
		{AF5C70F8-FBBC-4BF7-871F-4FBC892EA327}.Debug|x86.ActiveCfg = Debug|Any CPU
		{AF5C70F8-FBBC-4BF7-871F-4FBC892EA327}.Debug|x86.Build.0 = Debug|Any CPU
		{AF5C70F8-FBBC-4BF7-871F-4FBC892EA327}.Release|Any CPU.ActiveCfg = Release|Any CPU
		{AF5C70F8-FBBC-4BF7-871F-4FBC892EA327}.Release|Any CPU.Build.0 = Release|Any CPU
		{AF5C70F8-FBBC-4BF7-871F-4FBC892EA327}.Release|x64.ActiveCfg = Release|Any CPU
		{AF5C70F8-FBBC-4BF7-871F-4FBC892EA327}.Release|x64.Build.0 = Release|Any CPU
		{AF5C70F8-FBBC-4BF7-871F-4FBC892EA327}.Release|x86.ActiveCfg = Release|Any CPU
		{AF5C70F8-FBBC-4BF7-871F-4FBC892EA327}.Release|x86.Build.0 = Release|Any CPU
		{848C5525-FCD2-4BF6-9C2B-E7CE05FDB7C9}.Debug|Any CPU.ActiveCfg = Debug|Any CPU
		{848C5525-FCD2-4BF6-9C2B-E7CE05FDB7C9}.Debug|Any CPU.Build.0 = Debug|Any CPU
		{848C5525-FCD2-4BF6-9C2B-E7CE05FDB7C9}.Debug|x64.ActiveCfg = Debug|Any CPU
		{848C5525-FCD2-4BF6-9C2B-E7CE05FDB7C9}.Debug|x64.Build.0 = Debug|Any CPU
		{848C5525-FCD2-4BF6-9C2B-E7CE05FDB7C9}.Debug|x86.ActiveCfg = Debug|Any CPU
		{848C5525-FCD2-4BF6-9C2B-E7CE05FDB7C9}.Debug|x86.Build.0 = Debug|Any CPU
		{848C5525-FCD2-4BF6-9C2B-E7CE05FDB7C9}.Release|Any CPU.ActiveCfg = Release|Any CPU
		{848C5525-FCD2-4BF6-9C2B-E7CE05FDB7C9}.Release|Any CPU.Build.0 = Release|Any CPU
		{848C5525-FCD2-4BF6-9C2B-E7CE05FDB7C9}.Release|x64.ActiveCfg = Release|Any CPU
		{848C5525-FCD2-4BF6-9C2B-E7CE05FDB7C9}.Release|x64.Build.0 = Release|Any CPU
		{848C5525-FCD2-4BF6-9C2B-E7CE05FDB7C9}.Release|x86.ActiveCfg = Release|Any CPU
		{848C5525-FCD2-4BF6-9C2B-E7CE05FDB7C9}.Release|x86.Build.0 = Release|Any CPU
		{7C66001B-7F89-4671-BD6B-F736EEE147DA}.Debug|Any CPU.ActiveCfg = Debug|Any CPU
		{7C66001B-7F89-4671-BD6B-F736EEE147DA}.Debug|Any CPU.Build.0 = Debug|Any CPU
		{7C66001B-7F89-4671-BD6B-F736EEE147DA}.Debug|x64.ActiveCfg = Debug|Any CPU
		{7C66001B-7F89-4671-BD6B-F736EEE147DA}.Debug|x64.Build.0 = Debug|Any CPU
		{7C66001B-7F89-4671-BD6B-F736EEE147DA}.Debug|x86.ActiveCfg = Debug|Any CPU
		{7C66001B-7F89-4671-BD6B-F736EEE147DA}.Debug|x86.Build.0 = Debug|Any CPU
		{7C66001B-7F89-4671-BD6B-F736EEE147DA}.Release|Any CPU.ActiveCfg = Release|Any CPU
		{7C66001B-7F89-4671-BD6B-F736EEE147DA}.Release|Any CPU.Build.0 = Release|Any CPU
		{7C66001B-7F89-4671-BD6B-F736EEE147DA}.Release|x64.ActiveCfg = Release|Any CPU
		{7C66001B-7F89-4671-BD6B-F736EEE147DA}.Release|x64.Build.0 = Release|Any CPU
		{7C66001B-7F89-4671-BD6B-F736EEE147DA}.Release|x86.ActiveCfg = Release|Any CPU
		{7C66001B-7F89-4671-BD6B-F736EEE147DA}.Release|x86.Build.0 = Release|Any CPU
		{2A0B8E87-E224-48D7-8538-ACB8F9E22ECB}.Debug|Any CPU.ActiveCfg = Debug|Any CPU
		{2A0B8E87-E224-48D7-8538-ACB8F9E22ECB}.Debug|Any CPU.Build.0 = Debug|Any CPU
		{2A0B8E87-E224-48D7-8538-ACB8F9E22ECB}.Debug|x64.ActiveCfg = Debug|Any CPU
		{2A0B8E87-E224-48D7-8538-ACB8F9E22ECB}.Debug|x64.Build.0 = Debug|Any CPU
		{2A0B8E87-E224-48D7-8538-ACB8F9E22ECB}.Debug|x86.ActiveCfg = Debug|Any CPU
		{2A0B8E87-E224-48D7-8538-ACB8F9E22ECB}.Debug|x86.Build.0 = Debug|Any CPU
		{2A0B8E87-E224-48D7-8538-ACB8F9E22ECB}.Release|Any CPU.ActiveCfg = Release|Any CPU
		{2A0B8E87-E224-48D7-8538-ACB8F9E22ECB}.Release|Any CPU.Build.0 = Release|Any CPU
		{2A0B8E87-E224-48D7-8538-ACB8F9E22ECB}.Release|x64.ActiveCfg = Release|Any CPU
		{2A0B8E87-E224-48D7-8538-ACB8F9E22ECB}.Release|x64.Build.0 = Release|Any CPU
		{2A0B8E87-E224-48D7-8538-ACB8F9E22ECB}.Release|x86.ActiveCfg = Release|Any CPU
		{2A0B8E87-E224-48D7-8538-ACB8F9E22ECB}.Release|x86.Build.0 = Release|Any CPU
		{97737B5B-0ED2-41EE-AC4A-EE719CEF1838}.Debug|Any CPU.ActiveCfg = Debug|Any CPU
		{97737B5B-0ED2-41EE-AC4A-EE719CEF1838}.Debug|Any CPU.Build.0 = Debug|Any CPU
		{97737B5B-0ED2-41EE-AC4A-EE719CEF1838}.Debug|x64.ActiveCfg = Debug|Any CPU
		{97737B5B-0ED2-41EE-AC4A-EE719CEF1838}.Debug|x64.Build.0 = Debug|Any CPU
		{97737B5B-0ED2-41EE-AC4A-EE719CEF1838}.Debug|x86.ActiveCfg = Debug|Any CPU
		{97737B5B-0ED2-41EE-AC4A-EE719CEF1838}.Debug|x86.Build.0 = Debug|Any CPU
		{97737B5B-0ED2-41EE-AC4A-EE719CEF1838}.Release|Any CPU.ActiveCfg = Release|Any CPU
		{97737B5B-0ED2-41EE-AC4A-EE719CEF1838}.Release|Any CPU.Build.0 = Release|Any CPU
		{97737B5B-0ED2-41EE-AC4A-EE719CEF1838}.Release|x64.ActiveCfg = Release|Any CPU
		{97737B5B-0ED2-41EE-AC4A-EE719CEF1838}.Release|x64.Build.0 = Release|Any CPU
		{97737B5B-0ED2-41EE-AC4A-EE719CEF1838}.Release|x86.ActiveCfg = Release|Any CPU
		{97737B5B-0ED2-41EE-AC4A-EE719CEF1838}.Release|x86.Build.0 = Release|Any CPU
		{7CBD468D-9422-43EB-9F8B-24B7EEA6942A}.Debug|Any CPU.ActiveCfg = Debug|Any CPU
		{7CBD468D-9422-43EB-9F8B-24B7EEA6942A}.Debug|Any CPU.Build.0 = Debug|Any CPU
		{7CBD468D-9422-43EB-9F8B-24B7EEA6942A}.Debug|x64.ActiveCfg = Debug|Any CPU
		{7CBD468D-9422-43EB-9F8B-24B7EEA6942A}.Debug|x64.Build.0 = Debug|Any CPU
		{7CBD468D-9422-43EB-9F8B-24B7EEA6942A}.Debug|x86.ActiveCfg = Debug|Any CPU
		{7CBD468D-9422-43EB-9F8B-24B7EEA6942A}.Debug|x86.Build.0 = Debug|Any CPU
		{7CBD468D-9422-43EB-9F8B-24B7EEA6942A}.Release|Any CPU.ActiveCfg = Release|Any CPU
		{7CBD468D-9422-43EB-9F8B-24B7EEA6942A}.Release|Any CPU.Build.0 = Release|Any CPU
		{7CBD468D-9422-43EB-9F8B-24B7EEA6942A}.Release|x64.ActiveCfg = Release|Any CPU
		{7CBD468D-9422-43EB-9F8B-24B7EEA6942A}.Release|x64.Build.0 = Release|Any CPU
		{7CBD468D-9422-43EB-9F8B-24B7EEA6942A}.Release|x86.ActiveCfg = Release|Any CPU
		{7CBD468D-9422-43EB-9F8B-24B7EEA6942A}.Release|x86.Build.0 = Release|Any CPU
		{F55B6837-4984-4F3A-967E-CE1B93A4A07C}.Debug|Any CPU.ActiveCfg = Debug|Any CPU
		{F55B6837-4984-4F3A-967E-CE1B93A4A07C}.Debug|Any CPU.Build.0 = Debug|Any CPU
		{F55B6837-4984-4F3A-967E-CE1B93A4A07C}.Debug|x64.ActiveCfg = Debug|Any CPU
		{F55B6837-4984-4F3A-967E-CE1B93A4A07C}.Debug|x64.Build.0 = Debug|Any CPU
		{F55B6837-4984-4F3A-967E-CE1B93A4A07C}.Debug|x86.ActiveCfg = Debug|Any CPU
		{F55B6837-4984-4F3A-967E-CE1B93A4A07C}.Debug|x86.Build.0 = Debug|Any CPU
		{F55B6837-4984-4F3A-967E-CE1B93A4A07C}.Release|Any CPU.ActiveCfg = Release|Any CPU
		{F55B6837-4984-4F3A-967E-CE1B93A4A07C}.Release|Any CPU.Build.0 = Release|Any CPU
		{F55B6837-4984-4F3A-967E-CE1B93A4A07C}.Release|x64.ActiveCfg = Release|Any CPU
		{F55B6837-4984-4F3A-967E-CE1B93A4A07C}.Release|x64.Build.0 = Release|Any CPU
		{F55B6837-4984-4F3A-967E-CE1B93A4A07C}.Release|x86.ActiveCfg = Release|Any CPU
		{F55B6837-4984-4F3A-967E-CE1B93A4A07C}.Release|x86.Build.0 = Release|Any CPU
		{523E261E-BF4C-4A35-AA50-5C77A0EF83D1}.Debug|Any CPU.ActiveCfg = Debug|Any CPU
		{523E261E-BF4C-4A35-AA50-5C77A0EF83D1}.Debug|Any CPU.Build.0 = Debug|Any CPU
		{523E261E-BF4C-4A35-AA50-5C77A0EF83D1}.Debug|x64.ActiveCfg = Debug|Any CPU
		{523E261E-BF4C-4A35-AA50-5C77A0EF83D1}.Debug|x64.Build.0 = Debug|Any CPU
		{523E261E-BF4C-4A35-AA50-5C77A0EF83D1}.Debug|x86.ActiveCfg = Debug|Any CPU
		{523E261E-BF4C-4A35-AA50-5C77A0EF83D1}.Debug|x86.Build.0 = Debug|Any CPU
		{523E261E-BF4C-4A35-AA50-5C77A0EF83D1}.Release|Any CPU.ActiveCfg = Release|Any CPU
		{523E261E-BF4C-4A35-AA50-5C77A0EF83D1}.Release|Any CPU.Build.0 = Release|Any CPU
		{523E261E-BF4C-4A35-AA50-5C77A0EF83D1}.Release|x64.ActiveCfg = Release|Any CPU
		{523E261E-BF4C-4A35-AA50-5C77A0EF83D1}.Release|x64.Build.0 = Release|Any CPU
		{523E261E-BF4C-4A35-AA50-5C77A0EF83D1}.Release|x86.ActiveCfg = Release|Any CPU
		{523E261E-BF4C-4A35-AA50-5C77A0EF83D1}.Release|x86.Build.0 = Release|Any CPU
		{94E757F4-A97B-4E2C-8779-6B8BD907D9BF}.Debug|Any CPU.ActiveCfg = Debug|Any CPU
		{94E757F4-A97B-4E2C-8779-6B8BD907D9BF}.Debug|Any CPU.Build.0 = Debug|Any CPU
		{94E757F4-A97B-4E2C-8779-6B8BD907D9BF}.Debug|x64.ActiveCfg = Debug|Any CPU
		{94E757F4-A97B-4E2C-8779-6B8BD907D9BF}.Debug|x64.Build.0 = Debug|Any CPU
		{94E757F4-A97B-4E2C-8779-6B8BD907D9BF}.Debug|x86.ActiveCfg = Debug|Any CPU
		{94E757F4-A97B-4E2C-8779-6B8BD907D9BF}.Debug|x86.Build.0 = Debug|Any CPU
		{94E757F4-A97B-4E2C-8779-6B8BD907D9BF}.Release|Any CPU.ActiveCfg = Release|Any CPU
		{94E757F4-A97B-4E2C-8779-6B8BD907D9BF}.Release|Any CPU.Build.0 = Release|Any CPU
		{94E757F4-A97B-4E2C-8779-6B8BD907D9BF}.Release|x64.ActiveCfg = Release|Any CPU
		{94E757F4-A97B-4E2C-8779-6B8BD907D9BF}.Release|x64.Build.0 = Release|Any CPU
		{94E757F4-A97B-4E2C-8779-6B8BD907D9BF}.Release|x86.ActiveCfg = Release|Any CPU
		{94E757F4-A97B-4E2C-8779-6B8BD907D9BF}.Release|x86.Build.0 = Release|Any CPU
		{89B066F8-650C-4071-9709-D0302521581A}.Debug|Any CPU.ActiveCfg = Debug|Any CPU
		{89B066F8-650C-4071-9709-D0302521581A}.Debug|Any CPU.Build.0 = Debug|Any CPU
		{89B066F8-650C-4071-9709-D0302521581A}.Debug|x64.ActiveCfg = Debug|Any CPU
		{89B066F8-650C-4071-9709-D0302521581A}.Debug|x64.Build.0 = Debug|Any CPU
		{89B066F8-650C-4071-9709-D0302521581A}.Debug|x86.ActiveCfg = Debug|Any CPU
		{89B066F8-650C-4071-9709-D0302521581A}.Debug|x86.Build.0 = Debug|Any CPU
		{89B066F8-650C-4071-9709-D0302521581A}.Release|Any CPU.ActiveCfg = Release|Any CPU
		{89B066F8-650C-4071-9709-D0302521581A}.Release|Any CPU.Build.0 = Release|Any CPU
		{89B066F8-650C-4071-9709-D0302521581A}.Release|x64.ActiveCfg = Release|Any CPU
		{89B066F8-650C-4071-9709-D0302521581A}.Release|x64.Build.0 = Release|Any CPU
		{89B066F8-650C-4071-9709-D0302521581A}.Release|x86.ActiveCfg = Release|Any CPU
		{89B066F8-650C-4071-9709-D0302521581A}.Release|x86.Build.0 = Release|Any CPU
	EndGlobalSection
	GlobalSection(SolutionProperties) = preSolution
		HideSolutionNode = FALSE
	EndGlobalSection
	GlobalSection(NestedProjects) = preSolution
		{18CD5C0A-EEDA-A573-5184-BD501D0EE942} = {5D20AA90-6969-D8BD-9DCD-8634F4692FDA}
		{94E757F4-A97B-4E2C-8779-6B8BD907D9BF} = {18CD5C0A-EEDA-A573-5184-BD501D0EE942}
		{89B066F8-650C-4071-9709-D0302521581A} = {18CD5C0A-EEDA-A573-5184-BD501D0EE942}
	EndGlobalSection
EndGlobal
